
Microsoft Visual Studio Solution File, Format Version 12.00
# Visual Studio Version 17
VisualStudioVersion = 17.14.35806.103 d17.14
MinimumVisualStudioVersion = 10.0.40219.1
Project("{FAE04EC0-301F-11D3-BF4B-00C04F79EFBC}") = "tpmodul6_103022300034", "tpmodul6_103022300034\tpmodul6_103022300034.csproj", "{8821CB0F-9EA8-42B4-9BDC-8CD498DBF969}"
EndProject
Global
	GlobalSection(SolutionConfigurationPlatforms) = preSolution
		Debug|Any CPU = Debug|Any CPU
		Release|Any CPU = Release|Any CPU
	EndGlobalSection
	GlobalSection(ProjectConfigurationPlatforms) = postSolution
		{8821CB0F-9EA8-42B4-9BDC-8CD498DBF969}.Debug|Any CPU.ActiveCfg = Debug|Any CPU
		{8821CB0F-9EA8-42B4-9BDC-8CD498DBF969}.Debug|Any CPU.Build.0 = Debug|Any CPU
		{8821CB0F-9EA8-42B4-9BDC-8CD498DBF969}.Release|Any CPU.ActiveCfg = Release|Any CPU
		{8821CB0F-9EA8-42B4-9BDC-8CD498DBF969}.Release|Any CPU.Build.0 = Release|Any CPU
	EndGlobalSection
	GlobalSection(SolutionProperties) = preSolution
		HideSolutionNode = FALSE
	EndGlobalSection
	GlobalSection(ExtensibilityGlobals) = postSolution
		SolutionGuid = {786699C0-15A8-4D8C-B17A-A63D97B8BBAE}
	EndGlobalSection
EndGlobal
